
Microsoft Visual Studio Solution File, Format Version 12.00
# Visual Studio Version 17
VisualStudioVersion = 17.13.35913.81 d17.13
MinimumVisualStudioVersion = 10.0.40219.1
Project("{FAE04EC0-301F-11D3-BF4B-00C04F79EFBC}") = "EntityFramework", "EntityFramework.csproj", "{F62C2D89-4DA0-440C-9F89-4CC345AD35B9}"
EndProject
Global
	GlobalSection(SolutionConfigurationPlatforms) = preSolution
		Debug|Any CPU = Debug|Any CPU
		Release|Any CPU = Release|Any CPU
	EndGlobalSection
	GlobalSection(ProjectConfigurationPlatforms) = postSolution
		{F62C2D89-4DA0-440C-9F89-4CC345AD35B9}.Debug|Any CPU.ActiveCfg = Debug|Any CPU
		{F62C2D89-4DA0-440C-9F89-4CC345AD35B9}.Debug|Any CPU.Build.0 = Debug|Any CPU
		{F62C2D89-4DA0-440C-9F89-4CC345AD35B9}.Release|Any CPU.ActiveCfg = Release|Any CPU
		{F62C2D89-4DA0-440C-9F89-4CC345AD35B9}.Release|Any CPU.Build.0 = Release|Any CPU
	EndGlobalSection
	GlobalSection(SolutionProperties) = preSolution
		HideSolutionNode = FALSE
	EndGlobalSection
	GlobalSection(ExtensibilityGlobals) = postSolution
		SolutionGuid = {19EB2B1D-E855-408E-9357-295B3A5127BA}
	EndGlobalSection
EndGlobal
